
Microsoft Visual Studio Solution File, Format Version 12.00
# Visual Studio 15
VisualStudioVersion = 15.0.27703.2018
MinimumVisualStudioVersion = 10.0.40219.1
Project("{FAE04EC0-301F-11D3-BF4B-00C04F79EFBC}") = "Twittoot", "Twittoot\Twittoot.csproj", "{D8A6DA0F-5DD3-45F0-82E5-0719A4875CBB}"
EndProject
Global
	GlobalSection(SolutionConfigurationPlatforms) = preSolution
		Debug|Any CPU = Debug|Any CPU
		Release|Any CPU = Release|Any CPU
	EndGlobalSection
	GlobalSection(ProjectConfigurationPlatforms) = postSolution
		{D8A6DA0F-5DD3-45F0-82E5-0719A4875CBB}.Debug|Any CPU.ActiveCfg = Debug|Any CPU
		{D8A6DA0F-5DD3-45F0-82E5-0719A4875CBB}.Debug|Any CPU.Build.0 = Debug|Any CPU
		{D8A6DA0F-5DD3-45F0-82E5-0719A4875CBB}.Release|Any CPU.ActiveCfg = Release|Any CPU
		{D8A6DA0F-5DD3-45F0-82E5-0719A4875CBB}.Release|Any CPU.Build.0 = Release|Any CPU
	EndGlobalSection
	GlobalSection(SolutionProperties) = preSolution
		HideSolutionNode = FALSE
	EndGlobalSection
	GlobalSection(ExtensibilityGlobals) = postSolution
		SolutionGuid = {80914C9C-1687-464E-8DCF-4174FCA9DD2E}
	EndGlobalSection
EndGlobal
