
Microsoft Visual Studio Solution File, Format Version 12.00
# Visual Studio 15
VisualStudioVersion = 15.0.27703.2018
MinimumVisualStudioVersion = 10.0.40219.1
Project("{FAE04EC0-301F-11D3-BF4B-00C04F79EFBC}") = "Twittoot", "Twittoot\Twittoot.csproj", "{D8A6DA0F-5DD3-45F0-82E5-0719A4875CBB}"
EndProject
Project("{2150E333-8FDC-42A3-9474-1A3956D46DE8}") = "API Wrappers", "API Wrappers", "{CA699BA5-B852-4000-A0AB-9E5C49E2725E}"
EndProject
Project("{FAE04EC0-301F-11D3-BF4B-00C04F79EFBC}") = "Twittoot.Twitter.Setup", "Twittoot.Twitter\Twittoot.Twitter.Setup.csproj", "{D45BE223-3C21-4A8C-9CCF-5CE26BCA45FE}"
EndProject
Project("{FAE04EC0-301F-11D3-BF4B-00C04F79EFBC}") = "Twittoot.Mastodon.Setup", "Twittoot.Mastodon\Twittoot.Mastodon.Setup.csproj", "{86E019B5-E7FE-4C20-BB98-77E9CEAB0D75}"
EndProject
Project("{2150E333-8FDC-42A3-9474-1A3956D46DE8}") = "Domain", "Domain", "{C11A4E35-30C2-4335-92A6-BD0D032A42BE}"
EndProject
Project("{FAE04EC0-301F-11D3-BF4B-00C04F79EFBC}") = "Twittoot.Domain.Setup", "Twittoot.Domain\Twittoot.Domain.Setup.csproj", "{0DE16FF5-77E9-4F5C-8690-7E15E1AEF0B1}"
EndProject
Project("{2150E333-8FDC-42A3-9474-1A3956D46DE8}") = "Tests", "Tests", "{945F9205-B57B-4483-90A4-0CC2751AC33B}"
EndProject
Project("{FAE04EC0-301F-11D3-BF4B-00C04F79EFBC}") = "Twittoot.Twitter.Tests", "Tests\Twittoot.Twitter.Tests\Twittoot.Twitter.Tests.csproj", "{6C9E99FF-E1C8-4763-A107-EB3B83401EC0}"
EndProject
Project("{2150E333-8FDC-42A3-9474-1A3956D46DE8}") = "Common", "Common", "{8A992C18-1444-4231-B09D-0B6CBEE05444}"
EndProject
Project("{FAE04EC0-301F-11D3-BF4B-00C04F79EFBC}") = "Twittoot.Mastodon.Tests", "Tests\Twittoot.Mastodon.Tests\Twittoot.Mastodon.Tests.csproj", "{B8BB3F93-88EE-4CE3-9197-2F567A41DF6A}"
EndProject
Project("{9A19103F-16F7-4668-BE54-9A1E7A4F7556}") = "TwittootFunction", "TwittootFunction\TwittootFunction.csproj", "{1EB5EBE3-DA09-4D88-A38E-FD88B57D5A94}"
EndProject
Project("{9A19103F-16F7-4668-BE54-9A1E7A4F7556}") = "Twittoot.Mastodon.Std", "Twittoot.Mastodon.Std\Twittoot.Mastodon.Std.csproj", "{37E476DB-1B07-4B21-987B-BEF696E5A59F}"
EndProject
Project("{9A19103F-16F7-4668-BE54-9A1E7A4F7556}") = "Twittot.Common.Std", "Twittot.Common.Std\Twittot.Common.Std.csproj", "{124E22F2-29DF-45A2-A134-6D5772328B82}"
EndProject
Project("{FAE04EC0-301F-11D3-BF4B-00C04F79EFBC}") = "Twittot.Twitter.Std", "Twittot.Twitter.Std\Twittot.Twitter.Std.csproj", "{3A2EA852-511F-4684-9EA9-2FBAD5641AC7}"
EndProject
Project("{FAE04EC0-301F-11D3-BF4B-00C04F79EFBC}") = "Twittot.Domain.Sync", "Twittot.Domain.Sync\Twittot.Domain.Sync.csproj", "{20AB970E-BFC7-47EF-A2EE-1FE5918F35CA}"
EndProject
Global
	GlobalSection(SolutionConfigurationPlatforms) = preSolution
		Debug|Any CPU = Debug|Any CPU
		Release|Any CPU = Release|Any CPU
	EndGlobalSection
	GlobalSection(ProjectConfigurationPlatforms) = postSolution
		{D8A6DA0F-5DD3-45F0-82E5-0719A4875CBB}.Debug|Any CPU.ActiveCfg = Debug|Any CPU
		{D8A6DA0F-5DD3-45F0-82E5-0719A4875CBB}.Debug|Any CPU.Build.0 = Debug|Any CPU
		{D8A6DA0F-5DD3-45F0-82E5-0719A4875CBB}.Release|Any CPU.ActiveCfg = Release|Any CPU
		{D8A6DA0F-5DD3-45F0-82E5-0719A4875CBB}.Release|Any CPU.Build.0 = Release|Any CPU
		{D45BE223-3C21-4A8C-9CCF-5CE26BCA45FE}.Debug|Any CPU.ActiveCfg = Debug|Any CPU
		{D45BE223-3C21-4A8C-9CCF-5CE26BCA45FE}.Debug|Any CPU.Build.0 = Debug|Any CPU
		{D45BE223-3C21-4A8C-9CCF-5CE26BCA45FE}.Release|Any CPU.ActiveCfg = Release|Any CPU
		{D45BE223-3C21-4A8C-9CCF-5CE26BCA45FE}.Release|Any CPU.Build.0 = Release|Any CPU
		{86E019B5-E7FE-4C20-BB98-77E9CEAB0D75}.Debug|Any CPU.ActiveCfg = Debug|Any CPU
		{86E019B5-E7FE-4C20-BB98-77E9CEAB0D75}.Debug|Any CPU.Build.0 = Debug|Any CPU
		{86E019B5-E7FE-4C20-BB98-77E9CEAB0D75}.Release|Any CPU.ActiveCfg = Release|Any CPU
		{86E019B5-E7FE-4C20-BB98-77E9CEAB0D75}.Release|Any CPU.Build.0 = Release|Any CPU
		{0DE16FF5-77E9-4F5C-8690-7E15E1AEF0B1}.Debug|Any CPU.ActiveCfg = Debug|Any CPU
		{0DE16FF5-77E9-4F5C-8690-7E15E1AEF0B1}.Debug|Any CPU.Build.0 = Debug|Any CPU
		{0DE16FF5-77E9-4F5C-8690-7E15E1AEF0B1}.Release|Any CPU.ActiveCfg = Release|Any CPU
		{0DE16FF5-77E9-4F5C-8690-7E15E1AEF0B1}.Release|Any CPU.Build.0 = Release|Any CPU
		{6C9E99FF-E1C8-4763-A107-EB3B83401EC0}.Debug|Any CPU.ActiveCfg = Debug|Any CPU
		{6C9E99FF-E1C8-4763-A107-EB3B83401EC0}.Debug|Any CPU.Build.0 = Debug|Any CPU
		{6C9E99FF-E1C8-4763-A107-EB3B83401EC0}.Release|Any CPU.ActiveCfg = Release|Any CPU
		{6C9E99FF-E1C8-4763-A107-EB3B83401EC0}.Release|Any CPU.Build.0 = Release|Any CPU
		{B8BB3F93-88EE-4CE3-9197-2F567A41DF6A}.Debug|Any CPU.ActiveCfg = Debug|Any CPU
		{B8BB3F93-88EE-4CE3-9197-2F567A41DF6A}.Debug|Any CPU.Build.0 = Debug|Any CPU
		{B8BB3F93-88EE-4CE3-9197-2F567A41DF6A}.Release|Any CPU.ActiveCfg = Release|Any CPU
		{B8BB3F93-88EE-4CE3-9197-2F567A41DF6A}.Release|Any CPU.Build.0 = Release|Any CPU
		{1EB5EBE3-DA09-4D88-A38E-FD88B57D5A94}.Debug|Any CPU.ActiveCfg = Debug|Any CPU
		{1EB5EBE3-DA09-4D88-A38E-FD88B57D5A94}.Debug|Any CPU.Build.0 = Debug|Any CPU
		{1EB5EBE3-DA09-4D88-A38E-FD88B57D5A94}.Release|Any CPU.ActiveCfg = Release|Any CPU
		{1EB5EBE3-DA09-4D88-A38E-FD88B57D5A94}.Release|Any CPU.Build.0 = Release|Any CPU
		{37E476DB-1B07-4B21-987B-BEF696E5A59F}.Debug|Any CPU.ActiveCfg = Debug|Any CPU
		{37E476DB-1B07-4B21-987B-BEF696E5A59F}.Debug|Any CPU.Build.0 = Debug|Any CPU
		{37E476DB-1B07-4B21-987B-BEF696E5A59F}.Release|Any CPU.ActiveCfg = Release|Any CPU
		{37E476DB-1B07-4B21-987B-BEF696E5A59F}.Release|Any CPU.Build.0 = Release|Any CPU
		{124E22F2-29DF-45A2-A134-6D5772328B82}.Debug|Any CPU.ActiveCfg = Debug|Any CPU
		{124E22F2-29DF-45A2-A134-6D5772328B82}.Debug|Any CPU.Build.0 = Debug|Any CPU
		{124E22F2-29DF-45A2-A134-6D5772328B82}.Release|Any CPU.ActiveCfg = Release|Any CPU
		{124E22F2-29DF-45A2-A134-6D5772328B82}.Release|Any CPU.Build.0 = Release|Any CPU
		{3A2EA852-511F-4684-9EA9-2FBAD5641AC7}.Debug|Any CPU.ActiveCfg = Debug|Any CPU
		{3A2EA852-511F-4684-9EA9-2FBAD5641AC7}.Debug|Any CPU.Build.0 = Debug|Any CPU
		{3A2EA852-511F-4684-9EA9-2FBAD5641AC7}.Release|Any CPU.ActiveCfg = Release|Any CPU
		{3A2EA852-511F-4684-9EA9-2FBAD5641AC7}.Release|Any CPU.Build.0 = Release|Any CPU
		{20AB970E-BFC7-47EF-A2EE-1FE5918F35CA}.Debug|Any CPU.ActiveCfg = Debug|Any CPU
		{20AB970E-BFC7-47EF-A2EE-1FE5918F35CA}.Debug|Any CPU.Build.0 = Debug|Any CPU
		{20AB970E-BFC7-47EF-A2EE-1FE5918F35CA}.Release|Any CPU.ActiveCfg = Release|Any CPU
		{20AB970E-BFC7-47EF-A2EE-1FE5918F35CA}.Release|Any CPU.Build.0 = Release|Any CPU
	EndGlobalSection
	GlobalSection(SolutionProperties) = preSolution
		HideSolutionNode = FALSE
	EndGlobalSection
	GlobalSection(NestedProjects) = preSolution
		{D45BE223-3C21-4A8C-9CCF-5CE26BCA45FE} = {CA699BA5-B852-4000-A0AB-9E5C49E2725E}
		{86E019B5-E7FE-4C20-BB98-77E9CEAB0D75} = {CA699BA5-B852-4000-A0AB-9E5C49E2725E}
		{0DE16FF5-77E9-4F5C-8690-7E15E1AEF0B1} = {C11A4E35-30C2-4335-92A6-BD0D032A42BE}
		{6C9E99FF-E1C8-4763-A107-EB3B83401EC0} = {945F9205-B57B-4483-90A4-0CC2751AC33B}
		{B8BB3F93-88EE-4CE3-9197-2F567A41DF6A} = {945F9205-B57B-4483-90A4-0CC2751AC33B}
		{37E476DB-1B07-4B21-987B-BEF696E5A59F} = {CA699BA5-B852-4000-A0AB-9E5C49E2725E}
		{124E22F2-29DF-45A2-A134-6D5772328B82} = {8A992C18-1444-4231-B09D-0B6CBEE05444}
		{3A2EA852-511F-4684-9EA9-2FBAD5641AC7} = {CA699BA5-B852-4000-A0AB-9E5C49E2725E}
		{20AB970E-BFC7-47EF-A2EE-1FE5918F35CA} = {C11A4E35-30C2-4335-92A6-BD0D032A42BE}
	EndGlobalSection
	GlobalSection(ExtensibilityGlobals) = postSolution
		SolutionGuid = {80914C9C-1687-464E-8DCF-4174FCA9DD2E}
	EndGlobalSection
EndGlobal
